
Microsoft Visual Studio Solution File, Format Version 12.00
Project("{FAE04EC0-301F-11D3-BF4B-00C04F79EFBC}") = "miner", "miner\miner.csproj", "{7B4B7105-50C9-4604-BA3C-3DB6037F54CE}"
EndProject
Global
	GlobalSection(SolutionConfigurationPlatforms) = preSolution
		Debug|Any CPU = Debug|Any CPU
		Release|Any CPU = Release|Any CPU
	EndGlobalSection
	GlobalSection(ProjectConfigurationPlatforms) = postSolution
		{7B4B7105-50C9-4604-BA3C-3DB6037F54CE}.Debug|Any CPU.ActiveCfg = Debug|Any CPU
		{7B4B7105-50C9-4604-BA3C-3DB6037F54CE}.Debug|Any CPU.Build.0 = Debug|Any CPU
		{7B4B7105-50C9-4604-BA3C-3DB6037F54CE}.Release|Any CPU.ActiveCfg = Release|Any CPU
		{7B4B7105-50C9-4604-BA3C-3DB6037F54CE}.Release|Any CPU.Build.0 = Release|Any CPU
	EndGlobalSection
EndGlobal
